
Microsoft Visual Studio Solution File, Format Version 12.00
# Visual Studio Version 16
VisualStudioVersion = 16.0.31911.196
MinimumVisualStudioVersion = 10.0.40219.1
Project("{8BC9CEB8-8B4A-11D0-8D11-00A0C91BC942}") = "TestCandyCrashSolvers", "TestCandyCrashSolvers\TestCandyCrashSolvers.vcxproj", "{36C3BDCD-D7E7-419A-914E-B6995615054D}"
EndProject
Project("{8BC9CEB8-8B4A-11D0-8D11-00A0C91BC942}") = "libCandyCrash1D", "libCandyCrash1D\libCandyCrash1D.vcxproj", "{42031F15-56FA-40B3-AE1E-80C435FC6952}"
EndProject
Global
	GlobalSection(SolutionConfigurationPlatforms) = preSolution
		Debug|x64 = Debug|x64
		Debug|x86 = Debug|x86
		Release|x64 = Release|x64
		Release|x86 = Release|x86
	EndGlobalSection
	GlobalSection(ProjectConfigurationPlatforms) = postSolution
		{36C3BDCD-D7E7-419A-914E-B6995615054D}.Debug|x64.ActiveCfg = Debug|x64
		{36C3BDCD-D7E7-419A-914E-B6995615054D}.Debug|x64.Build.0 = Debug|x64
		{36C3BDCD-D7E7-419A-914E-B6995615054D}.Debug|x86.ActiveCfg = Debug|Win32
		{36C3BDCD-D7E7-419A-914E-B6995615054D}.Debug|x86.Build.0 = Debug|Win32
		{36C3BDCD-D7E7-419A-914E-B6995615054D}.Release|x64.ActiveCfg = Release|x64
		{36C3BDCD-D7E7-419A-914E-B6995615054D}.Release|x64.Build.0 = Release|x64
		{36C3BDCD-D7E7-419A-914E-B6995615054D}.Release|x86.ActiveCfg = Release|Win32
		{36C3BDCD-D7E7-419A-914E-B6995615054D}.Release|x86.Build.0 = Release|Win32
		{42031F15-56FA-40B3-AE1E-80C435FC6952}.Debug|x64.ActiveCfg = Debug|x64
		{42031F15-56FA-40B3-AE1E-80C435FC6952}.Debug|x64.Build.0 = Debug|x64
		{42031F15-56FA-40B3-AE1E-80C435FC6952}.Debug|x86.ActiveCfg = Debug|Win32
		{42031F15-56FA-40B3-AE1E-80C435FC6952}.Debug|x86.Build.0 = Debug|Win32
		{42031F15-56FA-40B3-AE1E-80C435FC6952}.Release|x64.ActiveCfg = Release|x64
		{42031F15-56FA-40B3-AE1E-80C435FC6952}.Release|x64.Build.0 = Release|x64
		{42031F15-56FA-40B3-AE1E-80C435FC6952}.Release|x86.ActiveCfg = Release|Win32
		{42031F15-56FA-40B3-AE1E-80C435FC6952}.Release|x86.Build.0 = Release|Win32
	EndGlobalSection
	GlobalSection(SolutionProperties) = preSolution
		HideSolutionNode = FALSE
	EndGlobalSection
	GlobalSection(ExtensibilityGlobals) = postSolution
		SolutionGuid = {053DDC6A-23C9-4017-B853-E327289D5261}
	EndGlobalSection
EndGlobal
